
Microsoft Visual Studio Solution File, Format Version 12.00
# Visual Studio Version 17
VisualStudioVersion = 17.4.33110.190
MinimumVisualStudioVersion = 10.0.40219.1
Project("{FAE04EC0-301F-11D3-BF4B-00C04F79EFBC}") = "Azure Service Bus", "Azure Service Bus\Azure Service Bus.csproj", "{1D6FD258-DA04-414B-A37C-7933E189A8C4}"
EndProject
Global
	GlobalSection(SolutionConfigurationPlatforms) = preSolution
		Debug|Any CPU = Debug|Any CPU
		Release|Any CPU = Release|Any CPU
	EndGlobalSection
	GlobalSection(ProjectConfigurationPlatforms) = postSolution
		{1D6FD258-DA04-414B-A37C-7933E189A8C4}.Debug|Any CPU.ActiveCfg = Debug|Any CPU
		{1D6FD258-DA04-414B-A37C-7933E189A8C4}.Debug|Any CPU.Build.0 = Debug|Any CPU
		{1D6FD258-DA04-414B-A37C-7933E189A8C4}.Release|Any CPU.ActiveCfg = Release|Any CPU
		{1D6FD258-DA04-414B-A37C-7933E189A8C4}.Release|Any CPU.Build.0 = Release|Any CPU
	EndGlobalSection
	GlobalSection(SolutionProperties) = preSolution
		HideSolutionNode = FALSE
	EndGlobalSection
	GlobalSection(ExtensibilityGlobals) = postSolution
		SolutionGuid = {BD204FF9-F65B-4783-952B-703D3398D173}
	EndGlobalSection
EndGlobal
